# THIS IS AN AUTOGENERATED FILE. DO NOT EDIT THIS FILE DIRECTLY.
# yarn lockfile v1


lodash@^4.17.19, lodash@^4.17.21:
  version "4.17.21"
  resolved "https://registry.yarnpkg.com/lodash/-/lodash-4.17.21.tgz#679591c564c3bffaae8454cf0b3df370c3d6911c"
  integrity sha512-v2kDEe57lecTulaDIuNTPy3Ry4/GHY/23nY/qm9V4wcVYcJ4C6+PkNJqCXHzXfCaHPRVSw9NUwj4Rf/5FLpb0g==

"@babel/code-frame@^7.0.0", "@babel/code-frame@^7.12.13":
  version "7.12.13"
  resolved "https://registry.yarnpkg.com/@babel/code-frame/-/code-frame-7.12.13.tgz#154bd3f2540f01ea38e8e8e9d5ce7db3f6e26855"
  integrity sha512-example==
  dependencies:
    "@babel/highlight" "^7.12.13"
